
Microsoft Visual Studio Solution File, Format Version 12.00
# Visual Studio Version 16
VisualStudioVersion = 16.0.31005.135
MinimumVisualStudioVersion = 10.0.40219.1
Project("{8BC9CEB8-8B4A-11D0-8D11-00A0C91BC942}") = "Lab1", "Lab1.vcxproj", "{D53B0340-BE1D-4C5D-BB9F-E3472DDF7D7C}"
EndProject
Project("{8BC9CEB8-8B4A-11D0-8D11-00A0C91BC942}") = "UnitRBTreeTest", "..\UnitRBTreeTest\UnitRBTreeTest.vcxproj", "{8AE003E2-194E-4ECE-9465-A7D2734407DF}"
EndProject
Global
	GlobalSection(SolutionConfigurationPlatforms) = preSolution
		Debug|x64 = Debug|x64
		Debug|x86 = Debug|x86
		Release|x64 = Release|x64
		Release|x86 = Release|x86
	EndGlobalSection
	GlobalSection(ProjectConfigurationPlatforms) = postSolution
		{D53B0340-BE1D-4C5D-BB9F-E3472DDF7D7C}.Debug|x64.ActiveCfg = Debug|x64
		{D53B0340-BE1D-4C5D-BB9F-E3472DDF7D7C}.Debug|x64.Build.0 = Debug|x64
		{D53B0340-BE1D-4C5D-BB9F-E3472DDF7D7C}.Debug|x86.ActiveCfg = Debug|Win32
		{D53B0340-BE1D-4C5D-BB9F-E3472DDF7D7C}.Debug|x86.Build.0 = Debug|Win32
		{D53B0340-BE1D-4C5D-BB9F-E3472DDF7D7C}.Release|x64.ActiveCfg = Release|x64
		{D53B0340-BE1D-4C5D-BB9F-E3472DDF7D7C}.Release|x64.Build.0 = Release|x64
		{D53B0340-BE1D-4C5D-BB9F-E3472DDF7D7C}.Release|x86.ActiveCfg = Release|Win32
		{D53B0340-BE1D-4C5D-BB9F-E3472DDF7D7C}.Release|x86.Build.0 = Release|Win32
		{8AE003E2-194E-4ECE-9465-A7D2734407DF}.Debug|x64.ActiveCfg = Debug|x64
		{8AE003E2-194E-4ECE-9465-A7D2734407DF}.Debug|x64.Build.0 = Debug|x64
		{8AE003E2-194E-4ECE-9465-A7D2734407DF}.Debug|x86.ActiveCfg = Debug|Win32
		{8AE003E2-194E-4ECE-9465-A7D2734407DF}.Debug|x86.Build.0 = Debug|Win32
		{8AE003E2-194E-4ECE-9465-A7D2734407DF}.Release|x64.ActiveCfg = Release|x64
		{8AE003E2-194E-4ECE-9465-A7D2734407DF}.Release|x64.Build.0 = Release|x64
		{8AE003E2-194E-4ECE-9465-A7D2734407DF}.Release|x86.ActiveCfg = Release|Win32
		{8AE003E2-194E-4ECE-9465-A7D2734407DF}.Release|x86.Build.0 = Release|Win32
	EndGlobalSection
	GlobalSection(SolutionProperties) = preSolution
		HideSolutionNode = FALSE
	EndGlobalSection
	GlobalSection(ExtensibilityGlobals) = postSolution
		SolutionGuid = {6E32DBF4-5F79-4CCE-9DF9-05326F8C6CD4}
	EndGlobalSection
EndGlobal
